
Microsoft Visual Studio Solution File, Format Version 12.00
# Visual Studio 15
VisualStudioVersion = 15.0.27130.2036
MinimumVisualStudioVersion = 10.0.40219.1
Project("{FAE04EC0-301F-11D3-BF4B-00C04F79EFBC}") = "FileTransfer.Client", "FileTransfer.Client\FileTransfer.Client.csproj", "{8C981111-7866-484E-BA15-B5BAAD736A28}"
EndProject
Project("{FAE04EC0-301F-11D3-BF4B-00C04F79EFBC}") = "FileTransfer.Server", "FileTransfer.Server\FileTransfer.Server.csproj", "{4AE5800D-A591-4957-84E1-09DD8D93B3B0}"
EndProject
Project("{FAE04EC0-301F-11D3-BF4B-00C04F79EFBC}") = "FileTransfer.Base", "FileTransfer.Base\FileTransfer.Base.csproj", "{CD5F123A-304C-46E3-9A93-64F96A4E1C0B}"
EndProject
Global
	GlobalSection(SolutionConfigurationPlatforms) = preSolution
		Debug|Any CPU = Debug|Any CPU
		Release|Any CPU = Release|Any CPU
	EndGlobalSection
	GlobalSection(ProjectConfigurationPlatforms) = postSolution
		{8C981111-7866-484E-BA15-B5BAAD736A28}.Debug|Any CPU.ActiveCfg = Debug|Any CPU
		{8C981111-7866-484E-BA15-B5BAAD736A28}.Debug|Any CPU.Build.0 = Debug|Any CPU
		{8C981111-7866-484E-BA15-B5BAAD736A28}.Release|Any CPU.ActiveCfg = Release|Any CPU
		{8C981111-7866-484E-BA15-B5BAAD736A28}.Release|Any CPU.Build.0 = Release|Any CPU
		{4AE5800D-A591-4957-84E1-09DD8D93B3B0}.Debug|Any CPU.ActiveCfg = Debug|Any CPU
		{4AE5800D-A591-4957-84E1-09DD8D93B3B0}.Debug|Any CPU.Build.0 = Debug|Any CPU
		{4AE5800D-A591-4957-84E1-09DD8D93B3B0}.Release|Any CPU.ActiveCfg = Release|Any CPU
		{4AE5800D-A591-4957-84E1-09DD8D93B3B0}.Release|Any CPU.Build.0 = Release|Any CPU
		{CD5F123A-304C-46E3-9A93-64F96A4E1C0B}.Debug|Any CPU.ActiveCfg = Debug|Any CPU
		{CD5F123A-304C-46E3-9A93-64F96A4E1C0B}.Debug|Any CPU.Build.0 = Debug|Any CPU
		{CD5F123A-304C-46E3-9A93-64F96A4E1C0B}.Release|Any CPU.ActiveCfg = Release|Any CPU
		{CD5F123A-304C-46E3-9A93-64F96A4E1C0B}.Release|Any CPU.Build.0 = Release|Any CPU
	EndGlobalSection
	GlobalSection(SolutionProperties) = preSolution
		HideSolutionNode = FALSE
	EndGlobalSection
	GlobalSection(ExtensibilityGlobals) = postSolution
		SolutionGuid = {5AC1F560-DBB6-4514-AB3A-2BA08DB1C3AA}
	EndGlobalSection
EndGlobal
